
Microsoft Visual Studio Solution File, Format Version 12.00
# Visual Studio 2012
Project("{FAE04EC0-301F-11D3-BF4B-00C04F79EFBC}") = "iShopTest", "iShopTest\iShopTest.csproj", "{AAB0BD44-E5F7-44D1-80AF-D0C556A0E447}"
EndProject
Project("{FAE04EC0-301F-11D3-BF4B-00C04F79EFBC}") = "iShopTest.Tests", "iShopTest.Tests\iShopTest.Tests.csproj", "{9369C359-D957-4F81-83A1-0F6BB93DD7B1}"
EndProject
Global
	GlobalSection(SolutionConfigurationPlatforms) = preSolution
		Debug|Any CPU = Debug|Any CPU
		Release|Any CPU = Release|Any CPU
	EndGlobalSection
	GlobalSection(ProjectConfigurationPlatforms) = postSolution
		{AAB0BD44-E5F7-44D1-80AF-D0C556A0E447}.Debug|Any CPU.ActiveCfg = Debug|Any CPU
		{AAB0BD44-E5F7-44D1-80AF-D0C556A0E447}.Debug|Any CPU.Build.0 = Debug|Any CPU
		{AAB0BD44-E5F7-44D1-80AF-D0C556A0E447}.Release|Any CPU.ActiveCfg = Release|Any CPU
		{AAB0BD44-E5F7-44D1-80AF-D0C556A0E447}.Release|Any CPU.Build.0 = Release|Any CPU
		{9369C359-D957-4F81-83A1-0F6BB93DD7B1}.Debug|Any CPU.ActiveCfg = Debug|Any CPU
		{9369C359-D957-4F81-83A1-0F6BB93DD7B1}.Debug|Any CPU.Build.0 = Debug|Any CPU
		{9369C359-D957-4F81-83A1-0F6BB93DD7B1}.Release|Any CPU.ActiveCfg = Release|Any CPU
		{9369C359-D957-4F81-83A1-0F6BB93DD7B1}.Release|Any CPU.Build.0 = Release|Any CPU
	EndGlobalSection
	GlobalSection(SolutionProperties) = preSolution
		HideSolutionNode = FALSE
	EndGlobalSection
EndGlobal
